
Microsoft Visual Studio Solution File, Format Version 12.00
# Visual Studio Version 17
VisualStudioVersion = 17.1.32210.238
MinimumVisualStudioVersion = 10.0.40219.1
Project("{9A19103F-16F7-4668-BE54-9A1E7A4F7556}") = "Business", "Business\Business.csproj", "{182F10D5-E836-4EA2-B6CB-A85F1B660F23}"
EndProject
Project("{9A19103F-16F7-4668-BE54-9A1E7A4F7556}") = "Entities", "Entities\Entities.csproj", "{808AF684-415A-4A77-BE01-6F2B16FDA0B6}"
EndProject
Project("{9A19103F-16F7-4668-BE54-9A1E7A4F7556}") = "DataAccess", "DataAccess\DataAccess.csproj", "{862A447A-41D6-4B92-B176-719C8528F513}"
EndProject
Project("{9A19103F-16F7-4668-BE54-9A1E7A4F7556}") = "ConsoleUI", "ConsoleUI\ConsoleUI.csproj", "{FD18DDCF-99B6-44C3-8510-9336C108408D}"
EndProject
Project("{9A19103F-16F7-4668-BE54-9A1E7A4F7556}") = "Core", "Core\Core.csproj", "{7379E218-622F-462C-AEB3-50DEEE16BAC7}"
EndProject
Project("{9A19103F-16F7-4668-BE54-9A1E7A4F7556}") = "WebAPI", "WebAPI\WebAPI.csproj", "{57C2CA82-3398-4C58-86B4-7A95436D666D}"
EndProject
Project("{2150E333-8FDC-42A3-9474-1A3956D46DE8}") = "Uploads", "Uploads", "{522BFFF1-3259-4819-BC6B-FBFA7173D412}"
EndProject
Project("{2150E333-8FDC-42A3-9474-1A3956D46DE8}") = "Images", "Images", "{2B67B011-2749-42C7-A44E-8907DA2AB5CD}"
	ProjectSection(SolutionItems) = preProject
		..\..\..\Desktop\default.png = ..\..\..\Desktop\default.png
	EndProjectSection
EndProject
Global
	GlobalSection(SolutionConfigurationPlatforms) = preSolution
		Debug|Any CPU = Debug|Any CPU
		Release|Any CPU = Release|Any CPU
	EndGlobalSection
	GlobalSection(ProjectConfigurationPlatforms) = postSolution
		{182F10D5-E836-4EA2-B6CB-A85F1B660F23}.Debug|Any CPU.ActiveCfg = Debug|Any CPU
		{182F10D5-E836-4EA2-B6CB-A85F1B660F23}.Debug|Any CPU.Build.0 = Debug|Any CPU
		{182F10D5-E836-4EA2-B6CB-A85F1B660F23}.Release|Any CPU.ActiveCfg = Release|Any CPU
		{182F10D5-E836-4EA2-B6CB-A85F1B660F23}.Release|Any CPU.Build.0 = Release|Any CPU
		{808AF684-415A-4A77-BE01-6F2B16FDA0B6}.Debug|Any CPU.ActiveCfg = Debug|Any CPU
		{808AF684-415A-4A77-BE01-6F2B16FDA0B6}.Debug|Any CPU.Build.0 = Debug|Any CPU
		{808AF684-415A-4A77-BE01-6F2B16FDA0B6}.Release|Any CPU.ActiveCfg = Release|Any CPU
		{808AF684-415A-4A77-BE01-6F2B16FDA0B6}.Release|Any CPU.Build.0 = Release|Any CPU
		{862A447A-41D6-4B92-B176-719C8528F513}.Debug|Any CPU.ActiveCfg = Debug|Any CPU
		{862A447A-41D6-4B92-B176-719C8528F513}.Debug|Any CPU.Build.0 = Debug|Any CPU
		{862A447A-41D6-4B92-B176-719C8528F513}.Release|Any CPU.ActiveCfg = Release|Any CPU
		{862A447A-41D6-4B92-B176-719C8528F513}.Release|Any CPU.Build.0 = Release|Any CPU
		{FD18DDCF-99B6-44C3-8510-9336C108408D}.Debug|Any CPU.ActiveCfg = Debug|Any CPU
		{FD18DDCF-99B6-44C3-8510-9336C108408D}.Debug|Any CPU.Build.0 = Debug|Any CPU
		{FD18DDCF-99B6-44C3-8510-9336C108408D}.Release|Any CPU.ActiveCfg = Release|Any CPU
		{FD18DDCF-99B6-44C3-8510-9336C108408D}.Release|Any CPU.Build.0 = Release|Any CPU
		{7379E218-622F-462C-AEB3-50DEEE16BAC7}.Debug|Any CPU.ActiveCfg = Debug|Any CPU
		{7379E218-622F-462C-AEB3-50DEEE16BAC7}.Debug|Any CPU.Build.0 = Debug|Any CPU
		{7379E218-622F-462C-AEB3-50DEEE16BAC7}.Release|Any CPU.ActiveCfg = Release|Any CPU
		{7379E218-622F-462C-AEB3-50DEEE16BAC7}.Release|Any CPU.Build.0 = Release|Any CPU
		{57C2CA82-3398-4C58-86B4-7A95436D666D}.Debug|Any CPU.ActiveCfg = Debug|Any CPU
		{57C2CA82-3398-4C58-86B4-7A95436D666D}.Debug|Any CPU.Build.0 = Debug|Any CPU
		{57C2CA82-3398-4C58-86B4-7A95436D666D}.Release|Any CPU.ActiveCfg = Release|Any CPU
		{57C2CA82-3398-4C58-86B4-7A95436D666D}.Release|Any CPU.Build.0 = Release|Any CPU
	EndGlobalSection
	GlobalSection(SolutionProperties) = preSolution
		HideSolutionNode = FALSE
	EndGlobalSection
	GlobalSection(NestedProjects) = preSolution
		{2B67B011-2749-42C7-A44E-8907DA2AB5CD} = {522BFFF1-3259-4819-BC6B-FBFA7173D412}
	EndGlobalSection
	GlobalSection(ExtensibilityGlobals) = postSolution
		SolutionGuid = {E20B793D-7988-4DE6-AEDA-145634AC2D81}
	EndGlobalSection
EndGlobal
